
Microsoft Visual Studio Solution File, Format Version 12.00
# Visual Studio Version 16
VisualStudioVersion = 16.0.29728.190
MinimumVisualStudioVersion = 10.0.40219.1
Project("{FAE04EC0-301F-11D3-BF4B-00C04F79EFBC}") = "BlogSystem.Models", "BlogSystem.Models\BlogSystem.Models.csproj", "{7CB4E77D-2D88-4CE7-B89E-5A3CF45B573E}"
EndProject
Project("{FAE04EC0-301F-11D3-BF4B-00C04F79EFBC}") = "BlogSystem.IDAL", "BlogSystem.IDAL\BlogSystem.IDAL.csproj", "{4AE8040F-64C4-4FB9-8EAF-A9120EA524FB}"
EndProject
Project("{FAE04EC0-301F-11D3-BF4B-00C04F79EFBC}") = "BlogSystem.DAL", "BlogSystem.DAL\BlogSystem.DAL.csproj", "{8E9C0A2A-BF75-4B2A-99E7-C07AB24BF39D}"
EndProject
Project("{FAE04EC0-301F-11D3-BF4B-00C04F79EFBC}") = "BlogSystem.IBLL", "BlogSystem.IBLL\BlogSystem.IBLL.csproj", "{92B11079-BBF2-4887-B1A9-B1C23464DBC5}"
EndProject
Project("{FAE04EC0-301F-11D3-BF4B-00C04F79EFBC}") = "BlogSystem.Dto", "BlogSystem.Dto\BlogSystem.Dto.csproj", "{8CBC57F1-7625-46C4-8DB9-6976DE4365EB}"
EndProject
Project("{FAE04EC0-301F-11D3-BF4B-00C04F79EFBC}") = "BlogSystem.BLL", "BlogSystem.BLL\BlogSystem.BLL.csproj", "{FD9E0383-ECCF-4BE2-8324-C1D83AEC96D7}"
EndProject
Project("{FAE04EC0-301F-11D3-BF4B-00C04F79EFBC}") = "BlogSystem.MvcUI", "BlogSystem.MvcUI\BlogSystem.MvcUI.csproj", "{FD843BED-D09A-41B4-9531-7483562ACC2A}"
EndProject
Project("{FAE04EC0-301F-11D3-BF4B-00C04F79EFBC}") = "BlogSystem.BAM", "BlogSystem.BAM\BlogSystem.BAM.csproj", "{80F07313-1FB3-4E52-8AAF-A9CB6E747F24}"
EndProject
Global
	GlobalSection(SolutionConfigurationPlatforms) = preSolution
		Debug|Any CPU = Debug|Any CPU
		Release|Any CPU = Release|Any CPU
	EndGlobalSection
	GlobalSection(ProjectConfigurationPlatforms) = postSolution
		{7CB4E77D-2D88-4CE7-B89E-5A3CF45B573E}.Debug|Any CPU.ActiveCfg = Debug|Any CPU
		{7CB4E77D-2D88-4CE7-B89E-5A3CF45B573E}.Debug|Any CPU.Build.0 = Debug|Any CPU
		{7CB4E77D-2D88-4CE7-B89E-5A3CF45B573E}.Release|Any CPU.ActiveCfg = Release|Any CPU
		{7CB4E77D-2D88-4CE7-B89E-5A3CF45B573E}.Release|Any CPU.Build.0 = Release|Any CPU
		{4AE8040F-64C4-4FB9-8EAF-A9120EA524FB}.Debug|Any CPU.ActiveCfg = Debug|Any CPU
		{4AE8040F-64C4-4FB9-8EAF-A9120EA524FB}.Debug|Any CPU.Build.0 = Debug|Any CPU
		{4AE8040F-64C4-4FB9-8EAF-A9120EA524FB}.Release|Any CPU.ActiveCfg = Release|Any CPU
		{4AE8040F-64C4-4FB9-8EAF-A9120EA524FB}.Release|Any CPU.Build.0 = Release|Any CPU
		{8E9C0A2A-BF75-4B2A-99E7-C07AB24BF39D}.Debug|Any CPU.ActiveCfg = Debug|Any CPU
		{8E9C0A2A-BF75-4B2A-99E7-C07AB24BF39D}.Debug|Any CPU.Build.0 = Debug|Any CPU
		{8E9C0A2A-BF75-4B2A-99E7-C07AB24BF39D}.Release|Any CPU.ActiveCfg = Release|Any CPU
		{8E9C0A2A-BF75-4B2A-99E7-C07AB24BF39D}.Release|Any CPU.Build.0 = Release|Any CPU
		{92B11079-BBF2-4887-B1A9-B1C23464DBC5}.Debug|Any CPU.ActiveCfg = Debug|Any CPU
		{92B11079-BBF2-4887-B1A9-B1C23464DBC5}.Debug|Any CPU.Build.0 = Debug|Any CPU
		{92B11079-BBF2-4887-B1A9-B1C23464DBC5}.Release|Any CPU.ActiveCfg = Release|Any CPU
		{92B11079-BBF2-4887-B1A9-B1C23464DBC5}.Release|Any CPU.Build.0 = Release|Any CPU
		{8CBC57F1-7625-46C4-8DB9-6976DE4365EB}.Debug|Any CPU.ActiveCfg = Debug|Any CPU
		{8CBC57F1-7625-46C4-8DB9-6976DE4365EB}.Debug|Any CPU.Build.0 = Debug|Any CPU
		{8CBC57F1-7625-46C4-8DB9-6976DE4365EB}.Release|Any CPU.ActiveCfg = Release|Any CPU
		{8CBC57F1-7625-46C4-8DB9-6976DE4365EB}.Release|Any CPU.Build.0 = Release|Any CPU
		{FD9E0383-ECCF-4BE2-8324-C1D83AEC96D7}.Debug|Any CPU.ActiveCfg = Debug|Any CPU
		{FD9E0383-ECCF-4BE2-8324-C1D83AEC96D7}.Debug|Any CPU.Build.0 = Debug|Any CPU
		{FD9E0383-ECCF-4BE2-8324-C1D83AEC96D7}.Release|Any CPU.ActiveCfg = Release|Any CPU
		{FD9E0383-ECCF-4BE2-8324-C1D83AEC96D7}.Release|Any CPU.Build.0 = Release|Any CPU
		{FD843BED-D09A-41B4-9531-7483562ACC2A}.Debug|Any CPU.ActiveCfg = Debug|Any CPU
		{FD843BED-D09A-41B4-9531-7483562ACC2A}.Debug|Any CPU.Build.0 = Debug|Any CPU
		{FD843BED-D09A-41B4-9531-7483562ACC2A}.Release|Any CPU.ActiveCfg = Release|Any CPU
		{FD843BED-D09A-41B4-9531-7483562ACC2A}.Release|Any CPU.Build.0 = Release|Any CPU
		{80F07313-1FB3-4E52-8AAF-A9CB6E747F24}.Debug|Any CPU.ActiveCfg = Debug|Any CPU
		{80F07313-1FB3-4E52-8AAF-A9CB6E747F24}.Debug|Any CPU.Build.0 = Debug|Any CPU
		{80F07313-1FB3-4E52-8AAF-A9CB6E747F24}.Release|Any CPU.ActiveCfg = Release|Any CPU
		{80F07313-1FB3-4E52-8AAF-A9CB6E747F24}.Release|Any CPU.Build.0 = Release|Any CPU
	EndGlobalSection
	GlobalSection(SolutionProperties) = preSolution
		HideSolutionNode = FALSE
	EndGlobalSection
	GlobalSection(ExtensibilityGlobals) = postSolution
		SolutionGuid = {66DD686A-A261-42FA-9EF8-F9AC7122EC4A}
	EndGlobalSection
EndGlobal
